// !$*UTF8*$!
{
	archiveVersion = 1;
	classes = {
	};
	objectVersion = 50;
	objects = {

/* Begin PBXBuildFile section */
		9732775D26DE022E00381446 /* ModelData.swift in Sources */ = {isa = PBXBuildFile; fileRef = 9732775C26DE022E00381446 /* ModelData.swift */; };
		9732776026DE02AB00381446 /* landmarkData.json in Resources */ = {isa = PBXBuildFile; fileRef = 9732775F26DE02AB00381446 /* landmarkData.json */; };
		9732776226DE02C400381446 /* hikeData.json in Resources */ = {isa = PBXBuildFile; fileRef = 9732776126DE02C400381446 /* hikeData.json */; };
		9732776426DE031100381446 /* Landmark.swift in Sources */ = {isa = PBXBuildFile; fileRef = 9732776326DE031100381446 /* Landmark.swift */; };
		9732776626DE032000381446 /* Hike.swift in Sources */ = {isa = PBXBuildFile; fileRef = 9732776526DE032000381446 /* Hike.swift */; };
		9732776826DE035700381446 /* Profile.swift in Sources */ = {isa = PBXBuildFile; fileRef = 9732776726DE035700381446 /* Profile.swift */; };
		9732776A26DE164400381446 /* smsgData.json in Resources */ = {isa = PBXBuildFile; fileRef = 9732776926DE164400381446 /* smsgData.json */; };
		9732776C26DE171F00381446 /* SignedMsg.swift in Sources */ = {isa = PBXBuildFile; fileRef = 9732776B26DE171F00381446 /* SignedMsg.swift */; };
		97AB6EC326CA6E8E00FDB175 /* PDUMApp.swift in Sources */ = {isa = PBXBuildFile; fileRef = 97AB6EC226CA6E8E00FDB175 /* PDUMApp.swift */; };
		97AB6EC526CA6E8E00FDB175 /* ContentView.swift in Sources */ = {isa = PBXBuildFile; fileRef = 97AB6EC426CA6E8E00FDB175 /* ContentView.swift */; };
		97AB6EC726CA6E9100FDB175 /* Assets.xcassets in Resources */ = {isa = PBXBuildFile; fileRef = 97AB6EC626CA6E9100FDB175 /* Assets.xcassets */; };
		97AB6ECA26CA6E9100FDB175 /* Preview Assets.xcassets in Resources */ = {isa = PBXBuildFile; fileRef = 97AB6EC926CA6E9100FDB175 /* Preview Assets.xcassets */; };
		97AB6ED426CA773C00FDB175 /* pdu.a in Frameworks */ = {isa = PBXBuildFile; fileRef = 97AB6ED226CA773C00FDB175 /* pdu.a */; };
/* End PBXBuildFile section */

/* Begin PBXFileReference section */
		9732775C26DE022E00381446 /* ModelData.swift */ = {isa = PBXFileReference; lastKnownFileType = sourcecode.swift; path = ModelData.swift; sourceTree = "<group>"; };
		9732775F26DE02AB00381446 /* landmarkData.json */ = {isa = PBXFileReference; lastKnownFileType = text.json; path = landmarkData.json; sourceTree = "<group>"; };
		9732776126DE02C400381446 /* hikeData.json */ = {isa = PBXFileReference; lastKnownFileType = text.json; path = hikeData.json; sourceTree = "<group>"; };
		9732776326DE031100381446 /* Landmark.swift */ = {isa = PBXFileReference; lastKnownFileType = sourcecode.swift; path = Landmark.swift; sourceTree = "<group>"; };
		9732776526DE032000381446 /* Hike.swift */ = {isa = PBXFileReference; lastKnownFileType = sourcecode.swift; path = Hike.swift; sourceTree = "<group>"; };
		9732776726DE035700381446 /* Profile.swift */ = {isa = PBXFileReference; lastKnownFileType = sourcecode.swift; path = Profile.swift; sourceTree = "<group>"; };
		9732776926DE164400381446 /* smsgData.json */ = {isa = PBXFileReference; lastKnownFileType = text.json; path = smsgData.json; sourceTree = "<group>"; };
		9732776B26DE171F00381446 /* SignedMsg.swift */ = {isa = PBXFileReference; lastKnownFileType = sourcecode.swift; path = SignedMsg.swift; sourceTree = "<group>"; };
		97AB6EBF26CA6E8E00FDB175 /* PDUM.app */ = {isa = PBXFileReference; explicitFileType = wrapper.application; includeInIndex = 0; path = PDUM.app; sourceTree = BUILT_PRODUCTS_DIR; };
		97AB6EC226CA6E8E00FDB175 /* PDUMApp.swift */ = {isa = PBXFileReference; lastKnownFileType = sourcecode.swift; path = PDUMApp.swift; sourceTree = "<group>"; };
		97AB6EC426CA6E8E00FDB175 /* ContentView.swift */ = {isa = PBXFileReference; lastKnownFileType = sourcecode.swift; path = ContentView.swift; sourceTree = "<group>"; };
		97AB6EC626CA6E9100FDB175 /* Assets.xcassets */ = {isa = PBXFileReference; lastKnownFileType = folder.assetcatalog; path = Assets.xcassets; sourceTree = "<group>"; };
		97AB6EC926CA6E9100FDB175 /* Preview Assets.xcassets */ = {isa = PBXFileReference; lastKnownFileType = folder.assetcatalog; path = "Preview Assets.xcassets"; sourceTree = "<group>"; };
		97AB6ECB26CA6E9100FDB175 /* Info.plist */ = {isa = PBXFileReference; lastKnownFileType = text.plist.xml; path = Info.plist; sourceTree = "<group>"; };
		97AB6ECC26CA6E9100FDB175 /* PDUM.entitlements */ = {isa = PBXFileReference; lastKnownFileType = text.plist.entitlements; path = PDUM.entitlements; sourceTree = "<group>"; };
		97AB6ED226CA773C00FDB175 /* pdu.a */ = {isa = PBXFileReference; lastKnownFileType = archive.ar; path = pdu.a; sourceTree = "<group>"; };
		97AB6ED326CA773C00FDB175 /* pdu.h */ = {isa = PBXFileReference; fileEncoding = 4; lastKnownFileType = sourcecode.c.h; path = pdu.h; sourceTree = "<group>"; };
		97AB6ED526CA779400FDB175 /* Lib-PDU-Bridging-Header.h */ = {isa = PBXFileReference; lastKnownFileType = sourcecode.c.h; path = "Lib-PDU-Bridging-Header.h"; sourceTree = "<group>"; };
/* End PBXFileReference section */

/* Begin PBXFrameworksBuildPhase section */
		97AB6EBC26CA6E8E00FDB175 /* Frameworks */ = {
			isa = PBXFrameworksBuildPhase;
			buildActionMask = 2147483647;
			files = (
				97AB6ED426CA773C00FDB175 /* pdu.a in Frameworks */,
			);
			runOnlyForDeploymentPostprocessing = 0;
		};
/* End PBXFrameworksBuildPhase section */

/* Begin PBXGroup section */
		9732775B26DE020C00381446 /* Model */ = {
			isa = PBXGroup;
			children = (
				9732775C26DE022E00381446 /* ModelData.swift */,
				9732776326DE031100381446 /* Landmark.swift */,
				9732776526DE032000381446 /* Hike.swift */,
				9732776726DE035700381446 /* Profile.swift */,
				9732776B26DE171F00381446 /* SignedMsg.swift */,
			);
			path = Model;
			sourceTree = "<group>";
		};
		9732775E26DE024A00381446 /* Resources */ = {
			isa = PBXGroup;
			children = (
				9732775F26DE02AB00381446 /* landmarkData.json */,
				9732776126DE02C400381446 /* hikeData.json */,
				9732776926DE164400381446 /* smsgData.json */,
			);
			path = Resources;
			sourceTree = "<group>";
		};
		97AB6EB626CA6E8E00FDB175 = {
			isa = PBXGroup;
			children = (
				97AB6EC126CA6E8E00FDB175 /* PDUM */,
				97AB6EC026CA6E8E00FDB175 /* Products */,
			);
			sourceTree = "<group>";
		};
		97AB6EC026CA6E8E00FDB175 /* Products */ = {
			isa = PBXGroup;
			children = (
				97AB6EBF26CA6E8E00FDB175 /* PDUM.app */,
			);
			name = Products;
			sourceTree = "<group>";
		};
		97AB6EC126CA6E8E00FDB175 /* PDUM */ = {
			isa = PBXGroup;
			children = (
				9732775E26DE024A00381446 /* Resources */,
				9732775B26DE020C00381446 /* Model */,
				97AB6ED226CA773C00FDB175 /* pdu.a */,
				97AB6ED326CA773C00FDB175 /* pdu.h */,
				97AB6EC226CA6E8E00FDB175 /* PDUMApp.swift */,
				97AB6EC426CA6E8E00FDB175 /* ContentView.swift */,
				97AB6EC626CA6E9100FDB175 /* Assets.xcassets */,
				97AB6ECB26CA6E9100FDB175 /* Info.plist */,
				97AB6ECC26CA6E9100FDB175 /* PDUM.entitlements */,
				97AB6EC826CA6E9100FDB175 /* Preview Content */,
				97AB6ED526CA779400FDB175 /* Lib-PDU-Bridging-Header.h */,
			);
			path = PDUM;
			sourceTree = "<group>";
		};
		97AB6EC826CA6E9100FDB175 /* Preview Content */ = {
			isa = PBXGroup;
			children = (
				97AB6EC926CA6E9100FDB175 /* Preview Assets.xcassets */,
			);
			path = "Preview Content";
			sourceTree = "<group>";
		};
/* End PBXGroup section */

/* Begin PBXNativeTarget section */
		97AB6EBE26CA6E8E00FDB175 /* PDUM */ = {
			isa = PBXNativeTarget;
			buildConfigurationList = 97AB6ECF26CA6E9100FDB175 /* Build configuration list for PBXNativeTarget "PDUM" */;
			buildPhases = (
				97AB6EBB26CA6E8E00FDB175 /* Sources */,
				97AB6EBC26CA6E8E00FDB175 /* Frameworks */,
				97AB6EBD26CA6E8E00FDB175 /* Resources */,
			);
			buildRules = (
			);
			dependencies = (
			);
			name = PDUM;
			productName = PDUM;
			productReference = 97AB6EBF26CA6E8E00FDB175 /* PDUM.app */;
			productType = "com.apple.product-type.application";
		};
/* End PBXNativeTarget section */

/* Begin PBXProject section */
		97AB6EB726CA6E8E00FDB175 /* Project object */ = {
			isa = PBXProject;
			attributes = {
				LastSwiftUpdateCheck = 1250;
				LastUpgradeCheck = 1250;
				TargetAttributes = {
					97AB6EBE26CA6E8E00FDB175 = {
						CreatedOnToolsVersion = 12.5.1;
					};
				};
			};
			buildConfigurationList = 97AB6EBA26CA6E8E00FDB175 /* Build configuration list for PBXProject "PDUM" */;
			compatibilityVersion = "Xcode 9.3";
			developmentRegion = en;
			hasScannedForEncodings = 0;
			knownRegions = (
				en,
				Base,
			);
			mainGroup = 97AB6EB626CA6E8E00FDB175;
			productRefGroup = 97AB6EC026CA6E8E00FDB175 /* Products */;
			projectDirPath = "";
			projectRoot = "";
			targets = (
				97AB6EBE26CA6E8E00FDB175 /* PDUM */,
			);
		};
/* End PBXProject section */

/* Begin PBXResourcesBuildPhase section */
		97AB6EBD26CA6E8E00FDB175 /* Resources */ = {
			isa = PBXResourcesBuildPhase;
			buildActionMask = 2147483647;
			files = (
				9732776226DE02C400381446 /* hikeData.json in Resources */,
				97AB6ECA26CA6E9100FDB175 /* Preview Assets.xcassets in Resources */,
				9732776A26DE164400381446 /* smsgData.json in Resources */,
				97AB6EC726CA6E9100FDB175 /* Assets.xcassets in Resources */,
				9732776026DE02AB00381446 /* landmarkData.json in Resources */,
			);
			runOnlyForDeploymentPostprocessing = 0;
		};
/* End PBXResourcesBuildPhase section */

/* Begin PBXSourcesBuildPhase section */
		97AB6EBB26CA6E8E00FDB175 /* Sources */ = {
			isa = PBXSourcesBuildPhase;
			buildActionMask = 2147483647;
			files = (
				9732776626DE032000381446 /* Hike.swift in Sources */,
				9732776826DE035700381446 /* Profile.swift in Sources */,
				97AB6EC526CA6E8E00FDB175 /* ContentView.swift in Sources */,
				97AB6EC326CA6E8E00FDB175 /* PDUMApp.swift in Sources */,
				9732776C26DE171F00381446 /* SignedMsg.swift in Sources */,
				9732775D26DE022E00381446 /* ModelData.swift in Sources */,
				9732776426DE031100381446 /* Landmark.swift in Sources */,
			);
			runOnlyForDeploymentPostprocessing = 0;
		};
/* End PBXSourcesBuildPhase section */

/* Begin XCBuildConfiguration section */
		97AB6ECD26CA6E9100FDB175 /* Debug */ = {
			isa = XCBuildConfiguration;
			buildSettings = {
				ALWAYS_SEARCH_USER_PATHS = NO;
				CLANG_ANALYZER_NONNULL = YES;
				CLANG_ANALYZER_NUMBER_OBJECT_CONVERSION = YES_AGGRESSIVE;
				CLANG_CXX_LANGUAGE_STANDARD = "gnu++14";
				CLANG_CXX_LIBRARY = "libc++";
				CLANG_ENABLE_MODULES = YES;
				CLANG_ENABLE_OBJC_ARC = YES;
				CLANG_ENABLE_OBJC_WEAK = YES;
				CLANG_WARN_BLOCK_CAPTURE_AUTORELEASING = YES;
				CLANG_WARN_BOOL_CONVERSION = YES;
				CLANG_WARN_COMMA = YES;
				CLANG_WARN_CONSTANT_CONVERSION = YES;
				CLANG_WARN_DEPRECATED_OBJC_IMPLEMENTATIONS = YES;
				CLANG_WARN_DIRECT_OBJC_ISA_USAGE = YES_ERROR;
				CLANG_WARN_DOCUMENTATION_COMMENTS = YES;
				CLANG_WARN_EMPTY_BODY = YES;
				CLANG_WARN_ENUM_CONVERSION = YES;
				CLANG_WARN_INFINITE_RECURSION = YES;
				CLANG_WARN_INT_CONVERSION = YES;
				CLANG_WARN_NON_LITERAL_NULL_CONVERSION = YES;
				CLANG_WARN_OBJC_IMPLICIT_RETAIN_SELF = YES;
				CLANG_WARN_OBJC_LITERAL_CONVERSION = YES;
				CLANG_WARN_OBJC_ROOT_CLASS = YES_ERROR;
				CLANG_WARN_QUOTED_INCLUDE_IN_FRAMEWORK_HEADER = YES;
				CLANG_WARN_RANGE_LOOP_ANALYSIS = YES;
				CLANG_WARN_STRICT_PROTOTYPES = YES;
				CLANG_WARN_SUSPICIOUS_MOVE = YES;
				CLANG_WARN_UNGUARDED_AVAILABILITY = YES_AGGRESSIVE;
				CLANG_WARN_UNREACHABLE_CODE = YES;
				CLANG_WARN__DUPLICATE_METHOD_MATCH = YES;
				COPY_PHASE_STRIP = NO;
				DEBUG_INFORMATION_FORMAT = dwarf;
				ENABLE_STRICT_OBJC_MSGSEND = YES;
				ENABLE_TESTABILITY = YES;
				GCC_C_LANGUAGE_STANDARD = gnu11;
				GCC_DYNAMIC_NO_PIC = NO;
				GCC_NO_COMMON_BLOCKS = YES;
				GCC_OPTIMIZATION_LEVEL = 0;
				GCC_PREPROCESSOR_DEFINITIONS = (
					"DEBUG=1",
					"$(inherited)",
				);
				GCC_WARN_64_TO_32_BIT_CONVERSION = YES;
				GCC_WARN_ABOUT_RETURN_TYPE = YES_ERROR;
				GCC_WARN_UNDECLARED_SELECTOR = YES;
				GCC_WARN_UNINITIALIZED_AUTOS = YES_AGGRESSIVE;
				GCC_WARN_UNUSED_FUNCTION = YES;
				GCC_WARN_UNUSED_VARIABLE = YES;
				MACOSX_DEPLOYMENT_TARGET = 11.3;
				MTL_ENABLE_DEBUG_INFO = INCLUDE_SOURCE;
				MTL_FAST_MATH = YES;
				ONLY_ACTIVE_ARCH = YES;
				SDKROOT = macosx;
				SWIFT_ACTIVE_COMPILATION_CONDITIONS = DEBUG;
				SWIFT_OPTIMIZATION_LEVEL = "-Onone";
			};
			name = Debug;
		};
		97AB6ECE26CA6E9100FDB175 /* Release */ = {
			isa = XCBuildConfiguration;
			buildSettings = {
				ALWAYS_SEARCH_USER_PATHS = NO;
				CLANG_ANALYZER_NONNULL = YES;
				CLANG_ANALYZER_NUMBER_OBJECT_CONVERSION = YES_AGGRESSIVE;
				CLANG_CXX_LANGUAGE_STANDARD = "gnu++14";
				CLANG_CXX_LIBRARY = "libc++";
				CLANG_ENABLE_MODULES = YES;
				CLANG_ENABLE_OBJC_ARC = YES;
				CLANG_ENABLE_OBJC_WEAK = YES;
				CLANG_WARN_BLOCK_CAPTURE_AUTORELEASING = YES;
				CLANG_WARN_BOOL_CONVERSION = YES;
				CLANG_WARN_COMMA = YES;
				CLANG_WARN_CONSTANT_CONVERSION = YES;
				CLANG_WARN_DEPRECATED_OBJC_IMPLEMENTATIONS = YES;
				CLANG_WARN_DIRECT_OBJC_ISA_USAGE = YES_ERROR;
				CLANG_WARN_DOCUMENTATION_COMMENTS = YES;
				CLANG_WARN_EMPTY_BODY = YES;
				CLANG_WARN_ENUM_CONVERSION = YES;
				CLANG_WARN_INFINITE_RECURSION = YES;
				CLANG_WARN_INT_CONVERSION = YES;
				CLANG_WARN_NON_LITERAL_NULL_CONVERSION = YES;
				CLANG_WARN_OBJC_IMPLICIT_RETAIN_SELF = YES;
				CLANG_WARN_OBJC_LITERAL_CONVERSION = YES;
				CLANG_WARN_OBJC_ROOT_CLASS = YES_ERROR;
				CLANG_WARN_QUOTED_INCLUDE_IN_FRAMEWORK_HEADER = YES;
				CLANG_WARN_RANGE_LOOP_ANALYSIS = YES;
				CLANG_WARN_STRICT_PROTOTYPES = YES;
				CLANG_WARN_SUSPICIOUS_MOVE = YES;
				CLANG_WARN_UNGUARDED_AVAILABILITY = YES_AGGRESSIVE;
				CLANG_WARN_UNREACHABLE_CODE = YES;
				CLANG_WARN__DUPLICATE_METHOD_MATCH = YES;
				COPY_PHASE_STRIP = NO;
				DEBUG_INFORMATION_FORMAT = "dwarf-with-dsym";
				ENABLE_NS_ASSERTIONS = NO;
				ENABLE_STRICT_OBJC_MSGSEND = YES;
				GCC_C_LANGUAGE_STANDARD = gnu11;
				GCC_NO_COMMON_BLOCKS = YES;
				GCC_WARN_64_TO_32_BIT_CONVERSION = YES;
				GCC_WARN_ABOUT_RETURN_TYPE = YES_ERROR;
				GCC_WARN_UNDECLARED_SELECTOR = YES;
				GCC_WARN_UNINITIALIZED_AUTOS = YES_AGGRESSIVE;
				GCC_WARN_UNUSED_FUNCTION = YES;
				GCC_WARN_UNUSED_VARIABLE = YES;
				MACOSX_DEPLOYMENT_TARGET = 11.3;
				MTL_ENABLE_DEBUG_INFO = NO;
				MTL_FAST_MATH = YES;
				SDKROOT = macosx;
				SWIFT_COMPILATION_MODE = wholemodule;
				SWIFT_OPTIMIZATION_LEVEL = "-O";
			};
			name = Release;
		};
		97AB6ED026CA6E9100FDB175 /* Debug */ = {
			isa = XCBuildConfiguration;
			buildSettings = {
				ASSETCATALOG_COMPILER_APPICON_NAME = AppIcon;
				ASSETCATALOG_COMPILER_GLOBAL_ACCENT_COLOR_NAME = AccentColor;
				CODE_SIGN_ENTITLEMENTS = PDUM/PDUM.entitlements;
				CODE_SIGN_STYLE = Automatic;
				COMBINE_HIDPI_IMAGES = YES;
				DEVELOPMENT_ASSET_PATHS = "\"PDUM/Preview Content\"";
				DEVELOPMENT_TEAM = 2J6UF3FW92;
				ENABLE_HARDENED_RUNTIME = YES;
				ENABLE_PREVIEWS = YES;
				INFOPLIST_FILE = PDUM/Info.plist;
				LD_RUNPATH_SEARCH_PATHS = (
					"$(inherited)",
					"@executable_path/../Frameworks",
				);
				LIBRARY_SEARCH_PATHS = (
					"$(inherited)",
					"$(PROJECT_DIR)/PDUM",
				);
				MACOSX_DEPLOYMENT_TARGET = 11.0;
				PRODUCT_BUNDLE_IDENTIFIER = pub.pdu.PDUM;
				PRODUCT_NAME = "$(TARGET_NAME)";
				"SWIFT_OBJC_BRIDGING_HEADER[arch=*]" = "PDUM/Lib-PDU-Bridging-Header.h";
				SWIFT_VERSION = 5.0;
			};
			name = Debug;
		};
		97AB6ED126CA6E9100FDB175 /* Release */ = {
			isa = XCBuildConfiguration;
			buildSettings = {
				ASSETCATALOG_COMPILER_APPICON_NAME = AppIcon;
				ASSETCATALOG_COMPILER_GLOBAL_ACCENT_COLOR_NAME = AccentColor;
				CODE_SIGN_ENTITLEMENTS = PDUM/PDUM.entitlements;
				CODE_SIGN_STYLE = Automatic;
				COMBINE_HIDPI_IMAGES = YES;
				DEVELOPMENT_ASSET_PATHS = "\"PDUM/Preview Content\"";
				DEVELOPMENT_TEAM = 2J6UF3FW92;
				ENABLE_HARDENED_RUNTIME = YES;
				ENABLE_PREVIEWS = YES;
				EXCLUDED_ARCHS = arm64;
				INFOPLIST_FILE = PDUM/Info.plist;
				LD_RUNPATH_SEARCH_PATHS = (
					"$(inherited)",
					"@executable_path/../Frameworks",
				);
				LIBRARY_SEARCH_PATHS = (
					"$(inherited)",
					"$(PROJECT_DIR)/PDUM",
				);
				MACOSX_DEPLOYMENT_TARGET = 11.0;
				PRODUCT_BUNDLE_IDENTIFIER = pub.pdu.PDUM;
				PRODUCT_NAME = "$(TARGET_NAME)";
				"SWIFT_OBJC_BRIDGING_HEADER[arch=*]" = "PDUM/Lib-PDU-Bridging-Header.h";
				SWIFT_VERSION = 5.0;
			};
			name = Release;
		};
/* End XCBuildConfiguration section */

/* Begin XCConfigurationList section */
		97AB6EBA26CA6E8E00FDB175 /* Build configuration list for PBXProject "PDUM" */ = {
			isa = XCConfigurationList;
			buildConfigurations = (
				97AB6ECD26CA6E9100FDB175 /* Debug */,
				97AB6ECE26CA6E9100FDB175 /* Release */,
			);
			defaultConfigurationIsVisible = 0;
			defaultConfigurationName = Release;
		};
		97AB6ECF26CA6E9100FDB175 /* Build configuration list for PBXNativeTarget "PDUM" */ = {
			isa = XCConfigurationList;
			buildConfigurations = (
				97AB6ED026CA6E9100FDB175 /* Debug */,
				97AB6ED126CA6E9100FDB175 /* Release */,
			);
			defaultConfigurationIsVisible = 0;
			defaultConfigurationName = Release;
		};
/* End XCConfigurationList section */
	};
	rootObject = 97AB6EB726CA6E8E00FDB175 /* Project object */;
}
